github.com/BurntSushi/xgb v0.0.0-20160522181843-27f122750802/go.mod h1:IVnqGOEym/WlBOVXweHU+Q+/VP0lqqI8lqeDx9IjBqo=
github.com/VictoriaMetrics/metrics v1.6.2 h1:VMe8c8ZBPgNVZkPoT06LsoU2nb+8e7iPaOWbVRNhxjo=
github.com/VictoriaMetrics/metrics v1.6.2/go.mod h1:LU2j9qq7xqZYXz8tF3/RQnB2z2MbZms5TDiIg9/NHiQ=
github.com/cockroachdb/pebble v0.0.0-20191004214801-4bf7084d23ba h1:LCtRKicSm5zKFZ8j3HvuwKMf3py1bvnw+S4VVUV/0zs=
github.com/cockroachdb/pebble v0.0.0-20191004214801-4bf7084d23ba/go.mod h1:twXYbyRT08hc2A/Biqg5F7ApFx4RescpK/JYjiGSzH8=
github.com/codahale/hdrhistogram v0.0.0-20161010025455-3a0bb77429bd/go.mod h1:sE/e/2PUdi/liOCUjSTXgM1o87ZssimdTWN964YiIeI=
github.com/davecgh/go-spew v1.1.1/go.mod h1:J7Y8YcW2NihsgmVo/mv3lAwl/skON4iLHjSsI+c5H38=
github.com/ghemawat/stream v0.0.0-20171120220530-696b145b53b9/go.mod h1:106OIgooyS7OzLDOpUGgm9fA3bQENb/cFSyyBmMoJDs=
github.com/golang/protobuf v1.2.0 h1:P3YflyNX/ehuJFLhxviNdFxQPkGK5cDcApsge1SqnvM=
github.com/golang/protobuf v1.2.0/go.mod h1:6lQm79b+lXiMfvg/cZm0SGofjICqVBUtrP5yJMmIC1U=
github.com/golang/protobuf v1.3.2 h1:6nsPYzhq5kReh6QImI3k5qWzO4PEbvbIW2cwSfR/6xs=
github.com/golang/protobuf v1.3.2/go.mod h1:6lQm79b+lXiMfvg/cZm0SGofjICqVBUtrP5yJMmIC1U=
github.com/golang/snappy v0.0.0-20180518054509-2e65f85255db/go.mod h1:/XxbfmMg8lxefKM7IXC3fBNl/7bRcc72aCRzEWrmP2Q=
github.com/golang/snappy v0.0.1 h1:Qgr9rKW7uDUkrbSmQeiDsGa8SjGyCOGtuasMWwvp2P4=
github.com/golang/snappy v0.0.1/go.mod h1:/XxbfmMg8lxefKM7IXC3fBNl/7bRcc72aCRzEWrmP2Q=
github.com/inconshreveable/mousetrap v1.0.0/go.mod h1:PxqpIevigyE2G7u3NXJIT2ANytuPF1OarO4DADm73n8=
github.com/kr/pretty v0.1.0/go.mod h1:dAy3ld7l9f0ibDNOQOHHMYYIIbhfbHSm3C4ZsoJORNo=
github.com/kr/pty v1.1.1/go.mod h1:pFQYn66WHrOpPYNljwOMqo10TkYh1fy3cYio2l3bCsQ=
github.com/kr/text v0.1.0/go.mod h1:4Jbv+DJW3UT/LiOwJeYQe1efqtUx/iVham/4vfdArNI=
github.com/lni/goutils v1.0.0 h1:6WZd06gJ8Z5D/xsfo/0Vjvpka4CnsfFEqA46jEa+QtY=
github.com/lni/goutils v1.0.0/go.mod h1:YXJ/qxCzsqyfhiMd8eVZ+8EP+BZfzC3mbMIY5lJdqOg=
github.com/lni/goutils v1.0.1 h1:b0RTWAg84viMYUy9zJZGATzyXZlCLra3HqMgzydCx8I=
github.com/lni/goutils v1.0.1/go.mod h1:f2YgTtVeGFUdJrZJmtf0S05qYvSZXdmBxa5Z8nhBU/Q=
github.com/lni/goutils v1.0.2 h1:XEQvY9GWR/4cUA35l55tIroD9gA2wlByOAu3thdnThA=
github.com/lni/goutils v1.0.2/go.mod h1:f2YgTtVeGFUdJrZJmtf0S05qYvSZXdmBxa5Z8nhBU/Q=
github.com/pmezard/go-difflib v1.0.0/go.mod h1:iKH77koFhYxTK1pcRnkKkqfTogsbg7gZNVY4sRDYZ/4=
github.com/spf13/cobra v0.0.3/go.mod h1:1l0Ry5zgKvJasoi3XT1TypsSe7PqH0Sj9dhYf7v3XqQ=
github.com/spf13/pflag v1.0.3/go.mod h1:DYY7MBk1bdzusC3SYhjObp+wFpr4gzcvqqNjLnInEg4=
github.com/stretchr/testify v1.2.2/go.mod h1:a8OnRcib4nhh0OaRAV+Yts87kKdq0PP7pXfy6kDkUVs=
github.com/valyala/fastrand v1.0.0 h1:LUKT9aKer2dVQNUi3waewTbKV+7H17kvWFNKs2ObdkI=
github.com/valyala/fastrand v1.0.0/go.mod h1:HWqCzkrkg6QXT8V2EXWvXCoow7vLwOFN002oeRzjapQ=
github.com/valyala/histogram v1.0.1 h1:FzA7n2Tz/wKRMejgu3PV1vw3htAklTjjuoI6z3d4KDg=
github.com/valyala/histogram v1.0.1/go.mod h1:lQy0xA4wUz2+IUnf97SivorsJIp8FxsnRd6x25q7Mto=
golang.org/x/crypto v0.0.0-20190308221718-c2843e01d9a2/go.mod h1:djNgcEr1/C05ACkg1iLfiJU5Ep61QUkGW8qpdssI0+w=
golang.org/x/exp v0.0.0-20190426190305-956cc1757749 h1:Bduxdpx1O6126WsH6F6NwKywZ/FPncphlTduoPxFG78=
golang.org/x/exp v0.0.0-20190426190305-956cc1757749/go.mod h1:ZjyILWgesfNpC6sMxTJOJm9Kp84zZh5NQWvqDGG3Qr8=
golang.org/x/image v0.0.0-20190227222117-0694c2d4d067/go.mod h1:kZ7UVZpmo3dzQBMxlp+ypCbDeSB+sBbTgSJuh5dn5js=
golang.org/x/mobile v0.0.0-20190312151609-d3739f865fa6/go.mod h1:z+o9i4GpDbdi3rU15maQ/Ox0txvL9dWGYEHz965HBQE=
golang.org/x/net v0.0.0-20190311183353-d8887717615a/go.mod h1:t9HGtf8HONx5eT2rtn7q6eTqICYqUVnKs3thJo3Qplg=
golang.org/x/sys v0.0.0-20190215142949-d0b11bdaac8a/go.mod h1:STP8DvDyc/dI5b8T5hshtkjS+E42TnysNCUPdjciGhY=
golang.org/x/sys v0.0.0-20190312061237-fead79001313/go.mod h1:h1NjWce9XRLGQEsW7wpKNCjG9DtNlClVuFLEZdDNbEs=
golang.org/x/sys v0.0.0-20190804053845-51ab0e2deafa/go.mod h1:h1NjWce9XRLGQEsW7wpKNCjG9DtNlClVuFLEZdDNbEs=
golang.org/x/text v0.3.0/go.mod h1:NqM8EUOU14njkJ3fqMW+pc6Ldnwhi/IjpwHt7yyuwOQ=
golang.org/x/tools v0.0.0-20190312151545-0bb0c0a6e846/go.mod h1:LCzVGOaR6xXOjkQ3onu1FJEFr0SW1gC7cKk1uF8kGRs=
