github.com/BurntSushi/xgb v0.0.0-20160522181843-27f122750802/go.mod h1:IVnqGOEym/WlBOVXweHU+Q+/VP0lqqI8lqeDx9IjBqo=
github.com/VictoriaMetrics/metrics v1.6.2 h1:VMe8c8ZBPgNVZkPoT06LsoU2nb+8e7iPaOWbVRNhxjo=
github.com/VictoriaMetrics/metrics v1.6.2/go.mod h1:LU2j9qq7xqZYXz8tF3/RQnB2z2MbZms5TDiIg9/NHiQ=
github.com/certifi/gocertifi v0.0.0-20200211180108-c7c1fbc02894 h1:JLaf/iINcLyjwbtTsCJjc6rtlASgHeIJPrB6QmwURnA=
github.com/certifi/gocertifi v0.0.0-20200211180108-c7c1fbc02894/go.mod h1:sGbDF6GwGcLpkNXPUTkMRoywsNa/ol15pxFe6ERfguA=
github.com/cockroachdb/errors v1.2.4 h1:Lap807SXTH5tri2TivECb/4abUkMZC9zRoLarvcKDqs=
github.com/cockroachdb/errors v1.2.4/go.mod h1:rQD95gz6FARkaKkQXUksEje/d9a6wBJoCr5oaCLELYA=
github.com/cockroachdb/logtags v0.0.0-20190617123548-eb05cc24525f h1:o/kfcElHqOiXqcou5a3rIlMc7oJbMQkeLk0VQJ7zgqY=
github.com/cockroachdb/logtags v0.0.0-20190617123548-eb05cc24525f/go.mod h1:i/u985jwjWRlyHXQbwatDASoW0RMlZ/3i9yJHE2xLkI=
github.com/cockroachdb/pebble v0.0.0-20191004214801-4bf7084d23ba h1:LCtRKicSm5zKFZ8j3HvuwKMf3py1bvnw+S4VVUV/0zs=
github.com/cockroachdb/pebble v0.0.0-20191004214801-4bf7084d23ba/go.mod h1:twXYbyRT08hc2A/Biqg5F7ApFx4RescpK/JYjiGSzH8=
github.com/cockroachdb/pebble v0.0.0-20191101210655-58fbf96a8f51 h1:3nGTF/vqDv7i6oOJB1AtHFr/K96lR2Pqw6onVqH827Y=
github.com/cockroachdb/pebble v0.0.0-20191101210655-58fbf96a8f51/go.mod h1:twXYbyRT08hc2A/Biqg5F7ApFx4RescpK/JYjiGSzH8=
github.com/cockroachdb/pebble v0.0.0-20191220202628-3bc8d744370f h1:5pGfiXoSBNndHeh8Mj3GcTEo+YkKYhiXG9aT5JS+vJI=
github.com/cockroachdb/pebble v0.0.0-20191220202628-3bc8d744370f/go.mod h1:97dSg7Ku6fZIyYdu6XUrh31SaKMdnSUN3aDW2Fi8Zp8=
github.com/cockroachdb/pebble v0.0.0-20191231201750-64a2f724618f h1:TQk0jJNZjR5RkZhVZDz7vkVkinEtcKpWUewXc3qxMaQ=
github.com/cockroachdb/pebble v0.0.0-20191231201750-64a2f724618f/go.mod h1:97dSg7Ku6fZIyYdu6XUrh31SaKMdnSUN3aDW2Fi8Zp8=
github.com/cockroachdb/pebble v0.0.0-20200111020457-a00e53f2b05a h1:by5lv7akW7YhfZelaNN/SSuew4pr+M8SzVWpr+/1700=
github.com/cockroachdb/pebble v0.0.0-20200111020457-a00e53f2b05a/go.mod h1:97dSg7Ku6fZIyYdu6XUrh31SaKMdnSUN3aDW2Fi8Zp8=
github.com/cockroachdb/pebble v0.0.0-20200116011840-630c28c1074e h1:/64z8pOdvLPVWnDrDCLho2kBeLXB//E3w4rrWGqCE04=
github.com/cockroachdb/pebble v0.0.0-20200116011840-630c28c1074e/go.mod h1:97dSg7Ku6fZIyYdu6XUrh31SaKMdnSUN3aDW2Fi8Zp8=
github.com/cockroachdb/pebble v0.0.0-20200121195918-c23353d37a7f h1:BCwKMHAtdfGVA7zRu901jItbI60uIflxtN5X3WCsTa8=
github.com/cockroachdb/pebble v0.0.0-20200121195918-c23353d37a7f/go.mod h1:97dSg7Ku6fZIyYdu6XUrh31SaKMdnSUN3aDW2Fi8Zp8=
github.com/cockroachdb/pebble v0.0.0-20200210191618-7ad59b733aa0 h1:R44RMjMQM0J28owWsfiYNrumuMr6V6GW47Y3C745fXI=
github.com/cockroachdb/pebble v0.0.0-20200210191618-7ad59b733aa0/go.mod h1:97dSg7Ku6fZIyYdu6XUrh31SaKMdnSUN3aDW2Fi8Zp8=
github.com/cockroachdb/pebble v0.0.0-20200213000310-79ee6a115bd4 h1:UHO/46fBka+ZqfqZGBdVGXkm4+x+8SLpTAevfocm80I=
github.com/cockroachdb/pebble v0.0.0-20200213000310-79ee6a115bd4/go.mod h1:97dSg7Ku6fZIyYdu6XUrh31SaKMdnSUN3aDW2Fi8Zp8=
github.com/cockroachdb/pebble v0.0.0-20200219202912-046831eaec09 h1:7HiB3BKLC9KPolCA4qdHLv0oEuOcjzPfVHnW2bP3jV0=
github.com/cockroachdb/pebble v0.0.0-20200219202912-046831eaec09/go.mod h1:97dSg7Ku6fZIyYdu6XUrh31SaKMdnSUN3aDW2Fi8Zp8=
github.com/cockroachdb/pebble v0.0.0-20200311200940-d2ecbc248dec h1:Tp+nkROnWy57AvmJQS9Zv4LvL1W8J397eUH53m1MNzo=
github.com/cockroachdb/pebble v0.0.0-20200311200940-d2ecbc248dec/go.mod h1:97dSg7Ku6fZIyYdu6XUrh31SaKMdnSUN3aDW2Fi8Zp8=
github.com/cockroachdb/pebble v0.0.0-20200423225808-d121ffc1c823 h1:xVSDQHV+P8PAMerDU47MkLBwKazX7iBVw5LaOs+y6ok=
github.com/cockroachdb/pebble v0.0.0-20200423225808-d121ffc1c823/go.mod h1:4htqGJZBuuX7YR/S8KKD6GBBC0Ibl+wvy6VEuiGAb6c=
github.com/cockroachdb/pebble v0.0.0-20200504143515-e6f57fcc8db7 h1:KaulK4RUD6pYd2uhcXTPvdP/QH1fP6MJ+Xjmi+iIAus=
github.com/cockroachdb/pebble v0.0.0-20200504143515-e6f57fcc8db7/go.mod h1:4htqGJZBuuX7YR/S8KKD6GBBC0Ibl+wvy6VEuiGAb6c=
github.com/cockroachdb/pebble v0.0.0-20200520133530-1977fd885276 h1:y1NIJVnpWF4uzwetXKgpR2rOBAgpheW1fcmWDmoP5+M=
github.com/cockroachdb/pebble v0.0.0-20200520133530-1977fd885276/go.mod h1:4htqGJZBuuX7YR/S8KKD6GBBC0Ibl+wvy6VEuiGAb6c=
github.com/codahale/hdrhistogram v0.0.0-20161010025455-3a0bb77429bd/go.mod h1:sE/e/2PUdi/liOCUjSTXgM1o87ZssimdTWN964YiIeI=
github.com/davecgh/go-spew v1.1.1 h1:vj9j/u1bqnvCEfJOwUhtlOARqs3+rkHYY13jYWTU97c=
github.com/davecgh/go-spew v1.1.1/go.mod h1:J7Y8YcW2NihsgmVo/mv3lAwl/skON4iLHjSsI+c5H38=
github.com/getsentry/raven-go v0.2.0 h1:no+xWJRb5ZI7eE8TWgIq1jLulQiIoLG0IfYxv5JYMGs=
github.com/getsentry/raven-go v0.2.0/go.mod h1:KungGk8q33+aIAZUIVWZDr2OfAEBsO49PX4NzFV5kcQ=
github.com/ghemawat/stream v0.0.0-20171120220530-696b145b53b9/go.mod h1:106OIgooyS7OzLDOpUGgm9fA3bQENb/cFSyyBmMoJDs=
github.com/gogo/protobuf v1.3.1 h1:DqDEcV5aeaTmdFBePNpYsp3FlcVH/2ISVVM9Qf8PSls=
github.com/gogo/protobuf v1.3.1/go.mod h1:SlYgWuQ5SjCEi6WLHjHCa1yvBfUnHcTbrrZtXPKa29o=
github.com/golang/protobuf v1.2.0 h1:P3YflyNX/ehuJFLhxviNdFxQPkGK5cDcApsge1SqnvM=
github.com/golang/protobuf v1.2.0/go.mod h1:6lQm79b+lXiMfvg/cZm0SGofjICqVBUtrP5yJMmIC1U=
github.com/golang/protobuf v1.3.2 h1:6nsPYzhq5kReh6QImI3k5qWzO4PEbvbIW2cwSfR/6xs=
github.com/golang/protobuf v1.3.2/go.mod h1:6lQm79b+lXiMfvg/cZm0SGofjICqVBUtrP5yJMmIC1U=
github.com/golang/protobuf v1.3.3 h1:gyjaxf+svBWX08ZjK86iN9geUJF0H6gp2IRKX6Nf6/I=
github.com/golang/protobuf v1.3.3/go.mod h1:vzj43D7+SQXF/4pzW/hwtAqwc6iTitCiVSaWz5lYuqw=
github.com/golang/protobuf v1.4.0-rc.1/go.mod h1:ceaxUfeHdC40wWswd/P6IGgMaK3YpKi5j83Wpe3EHw8=
github.com/golang/protobuf v1.4.0-rc.1.0.20200221234624-67d41d38c208/go.mod h1:xKAWHe0F5eneWXFV3EuXVDTCmh+JuBKY0li0aMyXATA=
github.com/golang/protobuf v1.4.0-rc.2/go.mod h1:LlEzMj4AhA7rCAGe4KMBDvJI+AwstrUpVNzEA03Pprs=
github.com/golang/protobuf v1.4.0-rc.4.0.20200313231945-b860323f09d0/go.mod h1:WU3c8KckQ9AFe+yFwt9sWVRKCVIyN9cPHBJSNnbL67w=
github.com/golang/protobuf v1.4.0 h1:oOuy+ugB+P/kBdUnG5QaMXSIyJ1q38wWSojYCb3z5VQ=
github.com/golang/protobuf v1.4.0/go.mod h1:jodUvKwWbYaEsadDk5Fwe5c77LiNKVO9IDvqG2KuDX0=
github.com/golang/snappy v0.0.0-20180518054509-2e65f85255db/go.mod h1:/XxbfmMg8lxefKM7IXC3fBNl/7bRcc72aCRzEWrmP2Q=
github.com/golang/snappy v0.0.1 h1:Qgr9rKW7uDUkrbSmQeiDsGa8SjGyCOGtuasMWwvp2P4=
github.com/golang/snappy v0.0.1/go.mod h1:/XxbfmMg8lxefKM7IXC3fBNl/7bRcc72aCRzEWrmP2Q=
github.com/golang/snappy v0.0.2-0.20190904063534-ff6b7dc882cf h1:gFVkHXmVAhEbxZVDln5V9GKrLaluNoFHDbrZwAWZgws=
github.com/golang/snappy v0.0.2-0.20190904063534-ff6b7dc882cf/go.mod h1:/XxbfmMg8lxefKM7IXC3fBNl/7bRcc72aCRzEWrmP2Q=
github.com/google/go-cmp v0.3.0/go.mod h1:8QqcDgzrUqlUb/G2PQTWiueGozuR1884gddMywk6iLU=
github.com/google/go-cmp v0.3.1/go.mod h1:8QqcDgzrUqlUb/G2PQTWiueGozuR1884gddMywk6iLU=
github.com/google/go-cmp v0.4.0/go.mod h1:v8dTdLbMG2kIc/vJvl+f65V22dbkXbowE6jgT/gNBxE=
github.com/inconshreveable/mousetrap v1.0.0/go.mod h1:PxqpIevigyE2G7u3NXJIT2ANytuPF1OarO4DADm73n8=
github.com/juju/ratelimit v1.0.1 h1:+7AIFJVQ0EQgq/K9+0Krm7m530Du7tIz0METWzN0RgY=
github.com/juju/ratelimit v1.0.1/go.mod h1:qapgC/Gy+xNh9UxzV13HGGl/6UXNN+ct+vwSgWNm/qk=
github.com/juju/ratelimit v1.0.2-0.20191002062651-f60b32039441 h1:b5Jqi7ir58EzfeZDyp7OSYQG/IVgyY4JWfHuJUF2AZI=
github.com/juju/ratelimit v1.0.2-0.20191002062651-f60b32039441/go.mod h1:qapgC/Gy+xNh9UxzV13HGGl/6UXNN+ct+vwSgWNm/qk=
github.com/kisielk/errcheck v1.2.0/go.mod h1:/BMXB+zMLi60iA8Vv6Ksmxu/1UDYcXs4uQLJ+jE2L00=
github.com/kisielk/gotool v1.0.0/go.mod h1:XhKaO+MFFWcvkIS/tQcRk01m1F5IRFswLeQ+oQHNcck=
github.com/kr/pretty v0.1.0 h1:L/CwN0zerZDmRFUapSPitk6f+Q3+0za1rQkzVuMiMFI=
github.com/kr/pretty v0.1.0/go.mod h1:dAy3ld7l9f0ibDNOQOHHMYYIIbhfbHSm3C4ZsoJORNo=
github.com/kr/pty v1.1.1/go.mod h1:pFQYn66WHrOpPYNljwOMqo10TkYh1fy3cYio2l3bCsQ=
github.com/kr/text v0.1.0 h1:45sCR5RtlFHMR4UwH9sdQ5TC8v0qDQCHnXt+kaKSTVE=
github.com/kr/text v0.1.0/go.mod h1:4Jbv+DJW3UT/LiOwJeYQe1efqtUx/iVham/4vfdArNI=
github.com/lni/dragonboat v2.1.7+incompatible h1:U04ZmiQKXcdRWNE6jccSiYJK7k+ECwN7XIw1xpTiJeE=
github.com/lni/dragonboat v2.1.7+incompatible/go.mod h1:eI3naIUzh2+DKqtOFwdZ2t0Z/BjlGEjWZgS07x7x8oU=
github.com/lni/goutils v0.0.0-20200123080223-6f37aef54ee4 h1:XD80mC7KFUcoVGPpKQZGalLXuWTDg5Rnl43GixiMD2A=
github.com/lni/goutils v0.0.0-20200123080223-6f37aef54ee4/go.mod h1:NDD+zR5cMNH2OsJj+r/X7zBSzBlmxytUUot268gtOOw=
github.com/lni/goutils v0.0.0-20200127103218-6790055847c8 h1:HAzfB9/MvlUe6O54etHoPOWYGYkYlN3zJexY4iQM9n4=
github.com/lni/goutils v0.0.0-20200127103218-6790055847c8/go.mod h1:NDD+zR5cMNH2OsJj+r/X7zBSzBlmxytUUot268gtOOw=
github.com/lni/goutils v0.0.0-20200222081325-abff41629bcd h1:wPZua40rgWetd1JL3v1QLPwrvPO79FJQE1wFj+by8Jg=
github.com/lni/goutils v0.0.0-20200222081325-abff41629bcd/go.mod h1:NDD+zR5cMNH2OsJj+r/X7zBSzBlmxytUUot268gtOOw=
github.com/lni/goutils v0.0.0-20200223142840-ed28551955fe h1:eTqyFgwppCd9KvhHjZgAXFjboi6rKAOxtr/05kVB8VE=
github.com/lni/goutils v0.0.0-20200223142840-ed28551955fe/go.mod h1:NDD+zR5cMNH2OsJj+r/X7zBSzBlmxytUUot268gtOOw=
github.com/lni/goutils v1.0.0 h1:6WZd06gJ8Z5D/xsfo/0Vjvpka4CnsfFEqA46jEa+QtY=
github.com/lni/goutils v1.0.0/go.mod h1:YXJ/qxCzsqyfhiMd8eVZ+8EP+BZfzC3mbMIY5lJdqOg=
github.com/lni/goutils v1.0.1 h1:b0RTWAg84viMYUy9zJZGATzyXZlCLra3HqMgzydCx8I=
github.com/lni/goutils v1.0.1/go.mod h1:f2YgTtVeGFUdJrZJmtf0S05qYvSZXdmBxa5Z8nhBU/Q=
github.com/lni/goutils v1.0.2 h1:XEQvY9GWR/4cUA35l55tIroD9gA2wlByOAu3thdnThA=
github.com/lni/goutils v1.0.2/go.mod h1:f2YgTtVeGFUdJrZJmtf0S05qYvSZXdmBxa5Z8nhBU/Q=
github.com/lni/goutils v1.0.3 h1:hPKcjTmn8Lg+3/h2r2iAomNKe3oGRHKFgoj23yab91w=
github.com/lni/goutils v1.0.3/go.mod h1:f2YgTtVeGFUdJrZJmtf0S05qYvSZXdmBxa5Z8nhBU/Q=
github.com/lni/goutils v1.1.0 h1:dnLcvFyaJ3Wt1YkcFUOd2Vxq+E+ioGW1HVJtDLseC4U=
github.com/lni/goutils v1.1.0/go.mod h1:NDD+zR5cMNH2OsJj+r/X7zBSzBlmxytUUot268gtOOw=
github.com/pkg/errors v0.9.1 h1:FEBLx1zS214owpjy7qsBeixbURkuhQAwrK5UwLGTwt4=
github.com/pkg/errors v0.9.1/go.mod h1:bwawxfHBFNV+L2hUp1rHADufV3IMtnDRdf1r5NINEl0=
github.com/pmezard/go-difflib v1.0.0 h1:4DBwDE0NGyQoBHbLQYPwSUPoCMWR5BEzIk/f1lZbAQM=
github.com/pmezard/go-difflib v1.0.0/go.mod h1:iKH77koFhYxTK1pcRnkKkqfTogsbg7gZNVY4sRDYZ/4=
github.com/spf13/cobra v0.0.3/go.mod h1:1l0Ry5zgKvJasoi3XT1TypsSe7PqH0Sj9dhYf7v3XqQ=
github.com/spf13/pflag v1.0.3/go.mod h1:DYY7MBk1bdzusC3SYhjObp+wFpr4gzcvqqNjLnInEg4=
github.com/stretchr/testify v1.2.2 h1:bSDNvY7ZPG5RlJ8otE/7V6gMiyenm9RtJ7IUVIAoJ1w=
github.com/stretchr/testify v1.2.2/go.mod h1:a8OnRcib4nhh0OaRAV+Yts87kKdq0PP7pXfy6kDkUVs=
github.com/valyala/fastrand v1.0.0 h1:LUKT9aKer2dVQNUi3waewTbKV+7H17kvWFNKs2ObdkI=
github.com/valyala/fastrand v1.0.0/go.mod h1:HWqCzkrkg6QXT8V2EXWvXCoow7vLwOFN002oeRzjapQ=
github.com/valyala/histogram v1.0.1 h1:FzA7n2Tz/wKRMejgu3PV1vw3htAklTjjuoI6z3d4KDg=
github.com/valyala/histogram v1.0.1/go.mod h1:lQy0xA4wUz2+IUnf97SivorsJIp8FxsnRd6x25q7Mto=
golang.org/x/crypto v0.0.0-20190308221718-c2843e01d9a2/go.mod h1:djNgcEr1/C05ACkg1iLfiJU5Ep61QUkGW8qpdssI0+w=
golang.org/x/exp v0.0.0-20190426190305-956cc1757749 h1:Bduxdpx1O6126WsH6F6NwKywZ/FPncphlTduoPxFG78=
golang.org/x/exp v0.0.0-20190426190305-956cc1757749/go.mod h1:ZjyILWgesfNpC6sMxTJOJm9Kp84zZh5NQWvqDGG3Qr8=
golang.org/x/image v0.0.0-20190227222117-0694c2d4d067/go.mod h1:kZ7UVZpmo3dzQBMxlp+ypCbDeSB+sBbTgSJuh5dn5js=
golang.org/x/mobile v0.0.0-20190312151609-d3739f865fa6/go.mod h1:z+o9i4GpDbdi3rU15maQ/Ox0txvL9dWGYEHz965HBQE=
golang.org/x/net v0.0.0-20190311183353-d8887717615a/go.mod h1:t9HGtf8HONx5eT2rtn7q6eTqICYqUVnKs3thJo3Qplg=
golang.org/x/sys v0.0.0-20190215142949-d0b11bdaac8a/go.mod h1:STP8DvDyc/dI5b8T5hshtkjS+E42TnysNCUPdjciGhY=
golang.org/x/sys v0.0.0-20190312061237-fead79001313/go.mod h1:h1NjWce9XRLGQEsW7wpKNCjG9DtNlClVuFLEZdDNbEs=
golang.org/x/sys v0.0.0-20190804053845-51ab0e2deafa h1:KIDDMLT1O0Nr7TSxp8xM5tJcdn8tgyAONntO829og1M=
golang.org/x/sys v0.0.0-20190804053845-51ab0e2deafa/go.mod h1:h1NjWce9XRLGQEsW7wpKNCjG9DtNlClVuFLEZdDNbEs=
golang.org/x/text v0.3.0/go.mod h1:NqM8EUOU14njkJ3fqMW+pc6Ldnwhi/IjpwHt7yyuwOQ=
golang.org/x/tools v0.0.0-20181030221726-6c7e314b6563/go.mod h1:n7NCudcB/nEzxVGmLbDWY5pfWTLqBcC2KZ6jyYvM4mQ=
golang.org/x/tools v0.0.0-20190312151545-0bb0c0a6e846/go.mod h1:LCzVGOaR6xXOjkQ3onu1FJEFr0SW1gC7cKk1uF8kGRs=
golang.org/x/xerrors v0.0.0-20191204190536-9bdfabe68543/go.mod h1:I/5z698sn9Ka8TeJc9MKroUUfqBBauWjQqLJ2OPfmY0=
google.golang.org/protobuf v0.0.0-20200109180630-ec00e32a8dfd/go.mod h1:DFci5gLYBciE7Vtevhsrf46CRTquxDuWsQurQQe4oz8=
google.golang.org/protobuf v0.0.0-20200221191635-4d8936d0db64/go.mod h1:kwYJMbMJ01Woi6D6+Kah6886xMZcty6N08ah7+eCXa0=
google.golang.org/protobuf v0.0.0-20200228230310-ab0ca4ff8a60/go.mod h1:cfTl7dwQJ+fmap5saPgwCLgHXTUD7jkjRqWcaiX5VyM=
google.golang.org/protobuf v1.20.1-0.20200309200217-e05f789c0967/go.mod h1:A+miEFZTKqfCUM6K7xSMQL9OKL/b6hQv+e19PK+JZNE=
google.golang.org/protobuf v1.21.0 h1:qdOKuR/EIArgaWNjetjgTzgVTAZ+S/WXVrq9HW9zimw=
google.golang.org/protobuf v1.21.0/go.mod h1:47Nbq4nVaFHyn7ilMalzfO3qCViNmqZ2kzikPIcrTAo=
